// !$*UTF8*$!
{
	archiveVersion = 1;
	classes = {
	};
	objectVersion = 48;
	objects = {

/* Begin PBXBuildFile section */
		3549BDC81F75FF6900501356 /* AppDelegate.swift in Sources */ = {isa = PBXBuildFile; fileRef = 3549BDC71F75FF6900501356 /* AppDelegate.swift */; };
		3549BDCA1F75FF6900501356 /* Login.swift in Sources */ = {isa = PBXBuildFile; fileRef = 3549BDC91F75FF6900501356 /* Login.swift */; };
		3549BDCD1F75FF6900501356 /* Main.storyboard in Resources */ = {isa = PBXBuildFile; fileRef = 3549BDCB1F75FF6900501356 /* Main.storyboard */; };
		3549BDCF1F75FF6900501356 /* Assets.xcassets in Resources */ = {isa = PBXBuildFile; fileRef = 3549BDCE1F75FF6900501356 /* Assets.xcassets */; };
		3549BDD21F75FF6900501356 /* LaunchScreen.storyboard in Resources */ = {isa = PBXBuildFile; fileRef = 3549BDD01F75FF6900501356 /* LaunchScreen.storyboard */; };
		522D7694201E0F1300061BB2 /* Config.swift in Sources */ = {isa = PBXBuildFile; fileRef = 522D7693201E0F1300061BB2 /* Config.swift */; };
		522E73F4201F74390067BCC4 /* proPicOne.png in Resources */ = {isa = PBXBuildFile; fileRef = 522E73ED201F74380067BCC4 /* proPicOne.png */; };
		522E73F5201F74390067BCC4 /* proPicTwo.png in Resources */ = {isa = PBXBuildFile; fileRef = 522E73EE201F74380067BCC4 /* proPicTwo.png */; };
		527D2FCE2023781C00CA8ADF /* Chat.swift in Sources */ = {isa = PBXBuildFile; fileRef = 527D2FCD2023781C00CA8ADF /* Chat.swift */; };
		527D2FD22023803800CA8ADF /* NavigationMenuViewController.swift in Sources */ = {isa = PBXBuildFile; fileRef = 527D2FD02023803700CA8ADF /* NavigationMenuViewController.swift */; };
		527D2FD32023803800CA8ADF /* HostViewController.swift in Sources */ = {isa = PBXBuildFile; fileRef = 527D2FD12023803800CA8ADF /* HostViewController.swift */; };
		52E47A9920204D5B0015828E /* Signup.swift in Sources */ = {isa = PBXBuildFile; fileRef = 52E47A9820204D5B0015828E /* Signup.swift */; };
		52E47A9B20204F000015828E /* Changepass.swift in Sources */ = {isa = PBXBuildFile; fileRef = 52E47A9A20204F000015828E /* Changepass.swift */; };
		52E47A9D202050BB0015828E /* EditBiodata.swift in Sources */ = {isa = PBXBuildFile; fileRef = 52E47A9C202050BB0015828E /* EditBiodata.swift */; };
		52E47A9F202050E00015828E /* HomeNews.swift in Sources */ = {isa = PBXBuildFile; fileRef = 52E47A9E202050E00015828E /* HomeNews.swift */; };
		52E47AA12020513B0015828E /* HomeMember.swift in Sources */ = {isa = PBXBuildFile; fileRef = 52E47AA02020513B0015828E /* HomeMember.swift */; };
		52E47AA32020514F0015828E /* HomeChat.swift in Sources */ = {isa = PBXBuildFile; fileRef = 52E47AA22020514F0015828E /* HomeChat.swift */; };
		52E47AA5202051630015828E /* HomeNearme.swift in Sources */ = {isa = PBXBuildFile; fileRef = 52E47AA4202051630015828E /* HomeNearme.swift */; };
		52E47AA72020518D0015828E /* EditNews.swift in Sources */ = {isa = PBXBuildFile; fileRef = 52E47AA62020518D0015828E /* EditNews.swift */; };
		52E47AA9202051980015828E /* ViewNews.swift in Sources */ = {isa = PBXBuildFile; fileRef = 52E47AA8202051980015828E /* ViewNews.swift */; };
		52E47AAB202051C30015828E /* ViewBiodata.swift in Sources */ = {isa = PBXBuildFile; fileRef = 52E47AAA202051C30015828E /* ViewBiodata.swift */; };
		7BEFF1D55B2FF0E3EE247314 /* Pods_Glue.framework in Frameworks */ = {isa = PBXBuildFile; fileRef = A7CAE39EEA533C2C4E871EDA /* Pods_Glue.framework */; };
/* End PBXBuildFile section */

/* Begin PBXFileReference section */
		3549BDC41F75FF6900501356 /* Glue.app */ = {isa = PBXFileReference; explicitFileType = wrapper.application; includeInIndex = 0; path = Glue.app; sourceTree = BUILT_PRODUCTS_DIR; };
		3549BDC71F75FF6900501356 /* AppDelegate.swift */ = {isa = PBXFileReference; lastKnownFileType = sourcecode.swift; path = AppDelegate.swift; sourceTree = "<group>"; };
		3549BDC91F75FF6900501356 /* Login.swift */ = {isa = PBXFileReference; lastKnownFileType = sourcecode.swift; path = Login.swift; sourceTree = "<group>"; };
		3549BDCC1F75FF6900501356 /* Base */ = {isa = PBXFileReference; lastKnownFileType = file.storyboard; name = Base; path = Base.lproj/Main.storyboard; sourceTree = "<group>"; };
		3549BDCE1F75FF6900501356 /* Assets.xcassets */ = {isa = PBXFileReference; lastKnownFileType = folder.assetcatalog; path = Assets.xcassets; sourceTree = "<group>"; };
		3549BDD11F75FF6900501356 /* Base */ = {isa = PBXFileReference; lastKnownFileType = file.storyboard; name = Base; path = Base.lproj/LaunchScreen.storyboard; sourceTree = "<group>"; };
		3549BDD31F75FF6900501356 /* Info.plist */ = {isa = PBXFileReference; lastKnownFileType = text.plist.xml; path = Info.plist; sourceTree = "<group>"; };
		42DBFA76F7861006EAD602CB /* Pods-Glue.release.xcconfig */ = {isa = PBXFileReference; includeInIndex = 1; lastKnownFileType = text.xcconfig; name = "Pods-Glue.release.xcconfig"; path = "Pods/Target Support Files/Pods-Glue/Pods-Glue.release.xcconfig"; sourceTree = "<group>"; };
		522D7693201E0F1300061BB2 /* Config.swift */ = {isa = PBXFileReference; lastKnownFileType = sourcecode.swift; path = Config.swift; sourceTree = "<group>"; };
		522E73ED201F74380067BCC4 /* proPicOne.png */ = {isa = PBXFileReference; lastKnownFileType = image.png; path = proPicOne.png; sourceTree = "<group>"; };
		522E73EE201F74380067BCC4 /* proPicTwo.png */ = {isa = PBXFileReference; lastKnownFileType = image.png; path = proPicTwo.png; sourceTree = "<group>"; };
		527D2FCD2023781C00CA8ADF /* Chat.swift */ = {isa = PBXFileReference; lastKnownFileType = sourcecode.swift; path = Chat.swift; sourceTree = "<group>"; };
		527D2FD02023803700CA8ADF /* NavigationMenuViewController.swift */ = {isa = PBXFileReference; fileEncoding = 4; lastKnownFileType = sourcecode.swift; path = NavigationMenuViewController.swift; sourceTree = "<group>"; };
		527D2FD12023803800CA8ADF /* HostViewController.swift */ = {isa = PBXFileReference; fileEncoding = 4; lastKnownFileType = sourcecode.swift; path = HostViewController.swift; sourceTree = "<group>"; };
		52E47A9820204D5B0015828E /* Signup.swift */ = {isa = PBXFileReference; lastKnownFileType = sourcecode.swift; path = Signup.swift; sourceTree = "<group>"; };
		52E47A9A20204F000015828E /* Changepass.swift */ = {isa = PBXFileReference; lastKnownFileType = sourcecode.swift; path = Changepass.swift; sourceTree = "<group>"; };
		52E47A9C202050BB0015828E /* EditBiodata.swift */ = {isa = PBXFileReference; lastKnownFileType = sourcecode.swift; path = EditBiodata.swift; sourceTree = "<group>"; };
		52E47A9E202050E00015828E /* HomeNews.swift */ = {isa = PBXFileReference; lastKnownFileType = sourcecode.swift; path = HomeNews.swift; sourceTree = "<group>"; };
		52E47AA02020513B0015828E /* HomeMember.swift */ = {isa = PBXFileReference; lastKnownFileType = sourcecode.swift; path = HomeMember.swift; sourceTree = "<group>"; };
		52E47AA22020514F0015828E /* HomeChat.swift */ = {isa = PBXFileReference; lastKnownFileType = sourcecode.swift; path = HomeChat.swift; sourceTree = "<group>"; };
		52E47AA4202051630015828E /* HomeNearme.swift */ = {isa = PBXFileReference; lastKnownFileType = sourcecode.swift; path = HomeNearme.swift; sourceTree = "<group>"; };
		52E47AA62020518D0015828E /* EditNews.swift */ = {isa = PBXFileReference; lastKnownFileType = sourcecode.swift; path = EditNews.swift; sourceTree = "<group>"; };
		52E47AA8202051980015828E /* ViewNews.swift */ = {isa = PBXFileReference; lastKnownFileType = sourcecode.swift; path = ViewNews.swift; sourceTree = "<group>"; };
		52E47AAA202051C30015828E /* ViewBiodata.swift */ = {isa = PBXFileReference; lastKnownFileType = sourcecode.swift; path = ViewBiodata.swift; sourceTree = "<group>"; };
		83FBE68615665A42583891C5 /* Pods-Glue.debug.xcconfig */ = {isa = PBXFileReference; includeInIndex = 1; lastKnownFileType = text.xcconfig; name = "Pods-Glue.debug.xcconfig"; path = "Pods/Target Support Files/Pods-Glue/Pods-Glue.debug.xcconfig"; sourceTree = "<group>"; };
		A7CAE39EEA533C2C4E871EDA /* Pods_Glue.framework */ = {isa = PBXFileReference; explicitFileType = wrapper.framework; includeInIndex = 0; path = Pods_Glue.framework; sourceTree = BUILT_PRODUCTS_DIR; };
/* End PBXFileReference section */

/* Begin PBXFrameworksBuildPhase section */
		3549BDC11F75FF6900501356 /* Frameworks */ = {
			isa = PBXFrameworksBuildPhase;
			buildActionMask = 2147483647;
			files = (
				7BEFF1D55B2FF0E3EE247314 /* Pods_Glue.framework in Frameworks */,
			);
			runOnlyForDeploymentPostprocessing = 0;
		};
/* End PBXFrameworksBuildPhase section */

/* Begin PBXGroup section */
		3549BDBB1F75FF6900501356 = {
			isa = PBXGroup;
			children = (
				3549BDC61F75FF6900501356 /* Glue */,
				3549BDC51F75FF6900501356 /* Products */,
				4A5BE1F558B3CE68FDDB1809 /* Pods */,
				DBB6B79CA369450A84EBF0D5 /* Frameworks */,
			);
			sourceTree = "<group>";
		};
		3549BDC51F75FF6900501356 /* Products */ = {
			isa = PBXGroup;
			children = (
				3549BDC41F75FF6900501356 /* Glue.app */,
			);
			name = Products;
			sourceTree = "<group>";
		};
		3549BDC61F75FF6900501356 /* Glue */ = {
			isa = PBXGroup;
			children = (
				527D2FD12023803800CA8ADF /* HostViewController.swift */,
				527D2FD02023803700CA8ADF /* NavigationMenuViewController.swift */,
				52E47A9420204A5A0015828E /* Controller */,
				522E73ED201F74380067BCC4 /* proPicOne.png */,
				522E73EE201F74380067BCC4 /* proPicTwo.png */,
				3549BDC71F75FF6900501356 /* AppDelegate.swift */,
				3549BDCB1F75FF6900501356 /* Main.storyboard */,
				3549BDCE1F75FF6900501356 /* Assets.xcassets */,
				3549BDD01F75FF6900501356 /* LaunchScreen.storyboard */,
				3549BDD31F75FF6900501356 /* Info.plist */,
				522D7693201E0F1300061BB2 /* Config.swift */,
			);
			path = Glue;
			sourceTree = "<group>";
		};
		4A5BE1F558B3CE68FDDB1809 /* Pods */ = {
			isa = PBXGroup;
			children = (
				83FBE68615665A42583891C5 /* Pods-Glue.debug.xcconfig */,
				42DBFA76F7861006EAD602CB /* Pods-Glue.release.xcconfig */,
			);
			name = Pods;
			sourceTree = "<group>";
		};
		52E47A9420204A5A0015828E /* Controller */ = {
			isa = PBXGroup;
			children = (
				527D2FCD2023781C00CA8ADF /* Chat.swift */,
				3549BDC91F75FF6900501356 /* Login.swift */,
				52E47A9820204D5B0015828E /* Signup.swift */,
				52E47A9A20204F000015828E /* Changepass.swift */,
				52E47A9C202050BB0015828E /* EditBiodata.swift */,
				52E47A9E202050E00015828E /* HomeNews.swift */,
				52E47AA02020513B0015828E /* HomeMember.swift */,
				52E47AA22020514F0015828E /* HomeChat.swift */,
				52E47AA4202051630015828E /* HomeNearme.swift */,
				52E47AA62020518D0015828E /* EditNews.swift */,
				52E47AA8202051980015828E /* ViewNews.swift */,
				52E47AAA202051C30015828E /* ViewBiodata.swift */,
			);
			path = Controller;
			sourceTree = "<group>";
		};
		DBB6B79CA369450A84EBF0D5 /* Frameworks */ = {
			isa = PBXGroup;
			children = (
				A7CAE39EEA533C2C4E871EDA /* Pods_Glue.framework */,
			);
			name = Frameworks;
			sourceTree = "<group>";
		};
/* End PBXGroup section */

/* Begin PBXNativeTarget section */
		3549BDC31F75FF6900501356 /* Glue */ = {
			isa = PBXNativeTarget;
			buildConfigurationList = 3549BDD61F75FF6900501356 /* Build configuration list for PBXNativeTarget "Glue" */;
			buildPhases = (
				2EDCB81961B0ACD175F70382 /* [CP] Check Pods Manifest.lock */,
				3549BDC01F75FF6900501356 /* Sources */,
				3549BDC11F75FF6900501356 /* Frameworks */,
				3549BDC21F75FF6900501356 /* Resources */,
				6B015BE7596A553A37018CFC /* [CP] Embed Pods Frameworks */,
				55AE88D46A909DD48968D8A3 /* [CP] Copy Pods Resources */,
			);
			buildRules = (
			);
			dependencies = (
			);
			name = Glue;
			productName = Glue;
			productReference = 3549BDC41F75FF6900501356 /* Glue.app */;
			productType = "com.apple.product-type.application";
		};
/* End PBXNativeTarget section */

/* Begin PBXProject section */
		3549BDBC1F75FF6900501356 /* Project object */ = {
			isa = PBXProject;
			attributes = {
				LastSwiftUpdateCheck = 0900;
				LastUpgradeCheck = 0900;
				ORGANIZATIONNAME = "Dzaky ZF";
				TargetAttributes = {
					3549BDC31F75FF6900501356 = {
						CreatedOnToolsVersion = 9.0;
						ProvisioningStyle = Automatic;
					};
				};
			};
			buildConfigurationList = 3549BDBF1F75FF6900501356 /* Build configuration list for PBXProject "Glue" */;
			compatibilityVersion = "Xcode 8.0";
			developmentRegion = en;
			hasScannedForEncodings = 0;
			knownRegions = (
				en,
				Base,
			);
			mainGroup = 3549BDBB1F75FF6900501356;
			productRefGroup = 3549BDC51F75FF6900501356 /* Products */;
			projectDirPath = "";
			projectRoot = "";
			targets = (
				3549BDC31F75FF6900501356 /* Glue */,
			);
		};
/* End PBXProject section */

/* Begin PBXResourcesBuildPhase section */
		3549BDC21F75FF6900501356 /* Resources */ = {
			isa = PBXResourcesBuildPhase;
			buildActionMask = 2147483647;
			files = (
				3549BDD21F75FF6900501356 /* LaunchScreen.storyboard in Resources */,
				3549BDCF1F75FF6900501356 /* Assets.xcassets in Resources */,
				3549BDCD1F75FF6900501356 /* Main.storyboard in Resources */,
				522E73F4201F74390067BCC4 /* proPicOne.png in Resources */,
				522E73F5201F74390067BCC4 /* proPicTwo.png in Resources */,
			);
			runOnlyForDeploymentPostprocessing = 0;
		};
/* End PBXResourcesBuildPhase section */

/* Begin PBXShellScriptBuildPhase section */
		2EDCB81961B0ACD175F70382 /* [CP] Check Pods Manifest.lock */ = {
			isa = PBXShellScriptBuildPhase;
			buildActionMask = 2147483647;
			files = (
			);
			inputPaths = (
				"${PODS_PODFILE_DIR_PATH}/Podfile.lock",
				"${PODS_ROOT}/Manifest.lock",
			);
			name = "[CP] Check Pods Manifest.lock";
			outputPaths = (
				"$(DERIVED_FILE_DIR)/Pods-Glue-checkManifestLockResult.txt",
			);
			runOnlyForDeploymentPostprocessing = 0;
			shellPath = /bin/sh;
			shellScript = "diff \"${PODS_PODFILE_DIR_PATH}/Podfile.lock\" \"${PODS_ROOT}/Manifest.lock\" > /dev/null\nif [ $? != 0 ] ; then\n    # print error to STDERR\n    echo \"error: The sandbox is not in sync with the Podfile.lock. Run 'pod install' or update your CocoaPods installation.\" >&2\n    exit 1\nfi\n# This output is used by Xcode 'outputs' to avoid re-running this script phase.\necho \"SUCCESS\" > \"${SCRIPT_OUTPUT_FILE_0}\"\n";
			showEnvVarsInLog = 0;
		};
		55AE88D46A909DD48968D8A3 /* [CP] Copy Pods Resources */ = {
			isa = PBXShellScriptBuildPhase;
			buildActionMask = 2147483647;
			files = (
			);
			inputPaths = (
			);
			name = "[CP] Copy Pods Resources";
			outputPaths = (
			);
			runOnlyForDeploymentPostprocessing = 0;
			shellPath = /bin/sh;
			shellScript = "\"${SRCROOT}/Pods/Target Support Files/Pods-Glue/Pods-Glue-resources.sh\"\n";
			showEnvVarsInLog = 0;
		};
		6B015BE7596A553A37018CFC /* [CP] Embed Pods Frameworks */ = {
			isa = PBXShellScriptBuildPhase;
			buildActionMask = 2147483647;
			files = (
			);
			inputPaths = (
				"${SRCROOT}/Pods/Target Support Files/Pods-Glue/Pods-Glue-frameworks.sh",
				"${BUILT_PRODUCTS_DIR}/Alamofire/Alamofire.framework",
				"${BUILT_PRODUCTS_DIR}/Eureka/Eureka.framework",
				"${BUILT_PRODUCTS_DIR}/FSPagerView/FSPagerView.framework",
				"${BUILT_PRODUCTS_DIR}/HGPlaceholders/HGPlaceholders.framework",
				"${BUILT_PRODUCTS_DIR}/InteractiveSideMenu/InteractiveSideMenu.framework",
				"${BUILT_PRODUCTS_DIR}/MGSwipeTableCell/MGSwipeTableCell.framework",
				"${BUILT_PRODUCTS_DIR}/SDWebImage/SDWebImage.framework",
				"${BUILT_PRODUCTS_DIR}/Sparrow/Sparrow.framework",
				"${BUILT_PRODUCTS_DIR}/SwiftyJSON/SwiftyJSON.framework",
				"${BUILT_PRODUCTS_DIR}/SwiftyUserDefaults/SwiftyUserDefaults.framework",
			);
			name = "[CP] Embed Pods Frameworks";
			outputPaths = (
				"${TARGET_BUILD_DIR}/${FRAMEWORKS_FOLDER_PATH}/Alamofire.framework",
				"${TARGET_BUILD_DIR}/${FRAMEWORKS_FOLDER_PATH}/Eureka.framework",
				"${TARGET_BUILD_DIR}/${FRAMEWORKS_FOLDER_PATH}/FSPagerView.framework",
				"${TARGET_BUILD_DIR}/${FRAMEWORKS_FOLDER_PATH}/HGPlaceholders.framework",
				"${TARGET_BUILD_DIR}/${FRAMEWORKS_FOLDER_PATH}/InteractiveSideMenu.framework",
				"${TARGET_BUILD_DIR}/${FRAMEWORKS_FOLDER_PATH}/MGSwipeTableCell.framework",
				"${TARGET_BUILD_DIR}/${FRAMEWORKS_FOLDER_PATH}/SDWebImage.framework",
				"${TARGET_BUILD_DIR}/${FRAMEWORKS_FOLDER_PATH}/Sparrow.framework",
				"${TARGET_BUILD_DIR}/${FRAMEWORKS_FOLDER_PATH}/SwiftyJSON.framework",
				"${TARGET_BUILD_DIR}/${FRAMEWORKS_FOLDER_PATH}/SwiftyUserDefaults.framework",
			);
			runOnlyForDeploymentPostprocessing = 0;
			shellPath = /bin/sh;
			shellScript = "\"${SRCROOT}/Pods/Target Support Files/Pods-Glue/Pods-Glue-frameworks.sh\"\n";
			showEnvVarsInLog = 0;
		};
/* End PBXShellScriptBuildPhase section */

/* Begin PBXSourcesBuildPhase section */
		3549BDC01F75FF6900501356 /* Sources */ = {
			isa = PBXSourcesBuildPhase;
			buildActionMask = 2147483647;
			files = (
				527D2FD32023803800CA8ADF /* HostViewController.swift in Sources */,
				52E47AA12020513B0015828E /* HomeMember.swift in Sources */,
				52E47AA9202051980015828E /* ViewNews.swift in Sources */,
				527D2FD22023803800CA8ADF /* NavigationMenuViewController.swift in Sources */,
				3549BDCA1F75FF6900501356 /* Login.swift in Sources */,
				3549BDC81F75FF6900501356 /* AppDelegate.swift in Sources */,
				52E47A9B20204F000015828E /* Changepass.swift in Sources */,
				52E47A9920204D5B0015828E /* Signup.swift in Sources */,
				52E47AA72020518D0015828E /* EditNews.swift in Sources */,
				52E47AA32020514F0015828E /* HomeChat.swift in Sources */,
				52E47AA5202051630015828E /* HomeNearme.swift in Sources */,
				52E47A9F202050E00015828E /* HomeNews.swift in Sources */,
				52E47A9D202050BB0015828E /* EditBiodata.swift in Sources */,
				527D2FCE2023781C00CA8ADF /* Chat.swift in Sources */,
				52E47AAB202051C30015828E /* ViewBiodata.swift in Sources */,
				522D7694201E0F1300061BB2 /* Config.swift in Sources */,
			);
			runOnlyForDeploymentPostprocessing = 0;
		};
/* End PBXSourcesBuildPhase section */

/* Begin PBXVariantGroup section */
		3549BDCB1F75FF6900501356 /* Main.storyboard */ = {
			isa = PBXVariantGroup;
			children = (
				3549BDCC1F75FF6900501356 /* Base */,
			);
			name = Main.storyboard;
			sourceTree = "<group>";
		};
		3549BDD01F75FF6900501356 /* LaunchScreen.storyboard */ = {
			isa = PBXVariantGroup;
			children = (
				3549BDD11F75FF6900501356 /* Base */,
			);
			name = LaunchScreen.storyboard;
			sourceTree = "<group>";
		};
/* End PBXVariantGroup section */

/* Begin XCBuildConfiguration section */
		3549BDD41F75FF6900501356 /* Debug */ = {
			isa = XCBuildConfiguration;
			buildSettings = {
				ALWAYS_SEARCH_USER_PATHS = NO;
				CLANG_ANALYZER_NONNULL = YES;
				CLANG_ANALYZER_NUMBER_OBJECT_CONVERSION = YES_AGGRESSIVE;
				CLANG_CXX_LANGUAGE_STANDARD = "gnu++14";
				CLANG_CXX_LIBRARY = "libc++";
				CLANG_ENABLE_MODULES = YES;
				CLANG_ENABLE_OBJC_ARC = YES;
				CLANG_WARN_BLOCK_CAPTURE_AUTORELEASING = YES;
				CLANG_WARN_BOOL_CONVERSION = YES;
				CLANG_WARN_COMMA = YES;
				CLANG_WARN_CONSTANT_CONVERSION = YES;
				CLANG_WARN_DIRECT_OBJC_ISA_USAGE = YES_ERROR;
				CLANG_WARN_DOCUMENTATION_COMMENTS = YES;
				CLANG_WARN_EMPTY_BODY = YES;
				CLANG_WARN_ENUM_CONVERSION = YES;
				CLANG_WARN_INFINITE_RECURSION = YES;
				CLANG_WARN_INT_CONVERSION = YES;
				CLANG_WARN_NON_LITERAL_NULL_CONVERSION = YES;
				CLANG_WARN_OBJC_LITERAL_CONVERSION = YES;
				CLANG_WARN_OBJC_ROOT_CLASS = YES_ERROR;
				CLANG_WARN_RANGE_LOOP_ANALYSIS = YES;
				CLANG_WARN_STRICT_PROTOTYPES = YES;
				CLANG_WARN_SUSPICIOUS_MOVE = YES;
				CLANG_WARN_UNGUARDED_AVAILABILITY = YES_AGGRESSIVE;
				CLANG_WARN_UNREACHABLE_CODE = YES;
				CLANG_WARN__DUPLICATE_METHOD_MATCH = YES;
				CODE_SIGN_IDENTITY = "iPhone Developer";
				COPY_PHASE_STRIP = NO;
				DEBUG_INFORMATION_FORMAT = dwarf;
				ENABLE_STRICT_OBJC_MSGSEND = YES;
				ENABLE_TESTABILITY = YES;
				GCC_C_LANGUAGE_STANDARD = gnu11;
				GCC_DYNAMIC_NO_PIC = NO;
				GCC_NO_COMMON_BLOCKS = YES;
				GCC_OPTIMIZATION_LEVEL = 0;
				GCC_PREPROCESSOR_DEFINITIONS = (
					"DEBUG=1",
					"$(inherited)",
				);
				GCC_WARN_64_TO_32_BIT_CONVERSION = YES;
				GCC_WARN_ABOUT_RETURN_TYPE = YES_ERROR;
				GCC_WARN_UNDECLARED_SELECTOR = YES;
				GCC_WARN_UNINITIALIZED_AUTOS = YES_AGGRESSIVE;
				GCC_WARN_UNUSED_FUNCTION = YES;
				GCC_WARN_UNUSED_VARIABLE = YES;
				IPHONEOS_DEPLOYMENT_TARGET = 11.0;
				MTL_ENABLE_DEBUG_INFO = YES;
				ONLY_ACTIVE_ARCH = YES;
				SDKROOT = iphoneos;
				SWIFT_ACTIVE_COMPILATION_CONDITIONS = DEBUG;
				SWIFT_OPTIMIZATION_LEVEL = "-Onone";
			};
			name = Debug;
		};
		3549BDD51F75FF6900501356 /* Release */ = {
			isa = XCBuildConfiguration;
			buildSettings = {
				ALWAYS_SEARCH_USER_PATHS = NO;
				CLANG_ANALYZER_NONNULL = YES;
				CLANG_ANALYZER_NUMBER_OBJECT_CONVERSION = YES_AGGRESSIVE;
				CLANG_CXX_LANGUAGE_STANDARD = "gnu++14";
				CLANG_CXX_LIBRARY = "libc++";
				CLANG_ENABLE_MODULES = YES;
				CLANG_ENABLE_OBJC_ARC = YES;
				CLANG_WARN_BLOCK_CAPTURE_AUTORELEASING = YES;
				CLANG_WARN_BOOL_CONVERSION = YES;
				CLANG_WARN_COMMA = YES;
				CLANG_WARN_CONSTANT_CONVERSION = YES;
				CLANG_WARN_DIRECT_OBJC_ISA_USAGE = YES_ERROR;
				CLANG_WARN_DOCUMENTATION_COMMENTS = YES;
				CLANG_WARN_EMPTY_BODY = YES;
				CLANG_WARN_ENUM_CONVERSION = YES;
				CLANG_WARN_INFINITE_RECURSION = YES;
				CLANG_WARN_INT_CONVERSION = YES;
				CLANG_WARN_NON_LITERAL_NULL_CONVERSION = YES;
				CLANG_WARN_OBJC_LITERAL_CONVERSION = YES;
				CLANG_WARN_OBJC_ROOT_CLASS = YES_ERROR;
				CLANG_WARN_RANGE_LOOP_ANALYSIS = YES;
				CLANG_WARN_STRICT_PROTOTYPES = YES;
				CLANG_WARN_SUSPICIOUS_MOVE = YES;
				CLANG_WARN_UNGUARDED_AVAILABILITY = YES_AGGRESSIVE;
				CLANG_WARN_UNREACHABLE_CODE = YES;
				CLANG_WARN__DUPLICATE_METHOD_MATCH = YES;
				CODE_SIGN_IDENTITY = "iPhone Developer";
				COPY_PHASE_STRIP = NO;
				DEBUG_INFORMATION_FORMAT = "dwarf-with-dsym";
				ENABLE_NS_ASSERTIONS = NO;
				ENABLE_STRICT_OBJC_MSGSEND = YES;
				GCC_C_LANGUAGE_STANDARD = gnu11;
				GCC_NO_COMMON_BLOCKS = YES;
				GCC_WARN_64_TO_32_BIT_CONVERSION = YES;
				GCC_WARN_ABOUT_RETURN_TYPE = YES_ERROR;
				GCC_WARN_UNDECLARED_SELECTOR = YES;
				GCC_WARN_UNINITIALIZED_AUTOS = YES_AGGRESSIVE;
				GCC_WARN_UNUSED_FUNCTION = YES;
				GCC_WARN_UNUSED_VARIABLE = YES;
				IPHONEOS_DEPLOYMENT_TARGET = 11.0;
				MTL_ENABLE_DEBUG_INFO = NO;
				SDKROOT = iphoneos;
				SWIFT_OPTIMIZATION_LEVEL = "-Owholemodule";
				VALIDATE_PRODUCT = YES;
			};
			name = Release;
		};
		3549BDD71F75FF6900501356 /* Debug */ = {
			isa = XCBuildConfiguration;
			baseConfigurationReference = 83FBE68615665A42583891C5 /* Pods-Glue.debug.xcconfig */;
			buildSettings = {
				ASSETCATALOG_COMPILER_APPICON_NAME = AppIcon;
				"CODE_SIGN_IDENTITY[sdk=iphoneos*]" = "iPhone Developer";
				CODE_SIGN_STYLE = Automatic;
				DEVELOPMENT_TEAM = S8EHWVRC9K;
				INFOPLIST_FILE = Glue/Info.plist;
				IPHONEOS_DEPLOYMENT_TARGET = 9.0;
				LD_RUNPATH_SEARCH_PATHS = "$(inherited) @executable_path/Frameworks";
				PRODUCT_BUNDLE_IDENTIFIER = Genbi.Glue;
				PRODUCT_NAME = "$(TARGET_NAME)";
				PROVISIONING_PROFILE_SPECIFIER = "";
				SWIFT_VERSION = 4.0;
				TARGETED_DEVICE_FAMILY = "1,2";
			};
			name = Debug;
		};
		3549BDD81F75FF6900501356 /* Release */ = {
			isa = XCBuildConfiguration;
			baseConfigurationReference = 42DBFA76F7861006EAD602CB /* Pods-Glue.release.xcconfig */;
			buildSettings = {
				ASSETCATALOG_COMPILER_APPICON_NAME = AppIcon;
				"CODE_SIGN_IDENTITY[sdk=iphoneos*]" = "iPhone Developer";
				CODE_SIGN_STYLE = Automatic;
				DEVELOPMENT_TEAM = S8EHWVRC9K;
				INFOPLIST_FILE = Glue/Info.plist;
				IPHONEOS_DEPLOYMENT_TARGET = 9.0;
				LD_RUNPATH_SEARCH_PATHS = "$(inherited) @executable_path/Frameworks";
				PRODUCT_BUNDLE_IDENTIFIER = Genbi.Glue;
				PRODUCT_NAME = "$(TARGET_NAME)";
				PROVISIONING_PROFILE_SPECIFIER = "";
				SWIFT_VERSION = 4.0;
				TARGETED_DEVICE_FAMILY = "1,2";
			};
			name = Release;
		};
/* End XCBuildConfiguration section */

/* Begin XCConfigurationList section */
		3549BDBF1F75FF6900501356 /* Build configuration list for PBXProject "Glue" */ = {
			isa = XCConfigurationList;
			buildConfigurations = (
				3549BDD41F75FF6900501356 /* Debug */,
				3549BDD51F75FF6900501356 /* Release */,
			);
			defaultConfigurationIsVisible = 0;
			defaultConfigurationName = Release;
		};
		3549BDD61F75FF6900501356 /* Build configuration list for PBXNativeTarget "Glue" */ = {
			isa = XCConfigurationList;
			buildConfigurations = (
				3549BDD71F75FF6900501356 /* Debug */,
				3549BDD81F75FF6900501356 /* Release */,
			);
			defaultConfigurationIsVisible = 0;
			defaultConfigurationName = Release;
		};
/* End XCConfigurationList section */
	};
	rootObject = 3549BDBC1F75FF6900501356 /* Project object */;
}
